
Microsoft Visual Studio Solution File, Format Version 12.00
# Visual Studio Version 17
VisualStudioVersion = 17.5.33516.290
MinimumVisualStudioVersion = 10.0.40219.1
Project("{FAE04EC0-301F-11D3-BF4B-00C04F79EFBC}") = "SelectionSort", "SelectionSort.csproj", "{1596B56B-006E-4A7A-A58E-12ED6FC44396}"
EndProject
Global
	GlobalSection(SolutionConfigurationPlatforms) = preSolution
		Debug|Any CPU = Debug|Any CPU
		Release|Any CPU = Release|Any CPU
	EndGlobalSection
	GlobalSection(ProjectConfigurationPlatforms) = postSolution
		{1596B56B-006E-4A7A-A58E-12ED6FC44396}.Debug|Any CPU.ActiveCfg = Debug|Any CPU
		{1596B56B-006E-4A7A-A58E-12ED6FC44396}.Debug|Any CPU.Build.0 = Debug|Any CPU
		{1596B56B-006E-4A7A-A58E-12ED6FC44396}.Release|Any CPU.ActiveCfg = Release|Any CPU
		{1596B56B-006E-4A7A-A58E-12ED6FC44396}.Release|Any CPU.Build.0 = Release|Any CPU
	EndGlobalSection
	GlobalSection(SolutionProperties) = preSolution
		HideSolutionNode = FALSE
	EndGlobalSection
	GlobalSection(ExtensibilityGlobals) = postSolution
		SolutionGuid = {AF2B2C35-3E3A-4217-A97C-A1CCCD8F730D}
	EndGlobalSection
EndGlobal
