
Microsoft Visual Studio Solution File, Format Version 12.00
# Visual Studio Version 17
VisualStudioVersion = 17.5.33516.290
MinimumVisualStudioVersion = 10.0.40219.1
Project("{FAE04EC0-301F-11D3-BF4B-00C04F79EFBC}") = "StackAlgo", "StackAlgo.csproj", "{509D4CBC-CB9F-46C9-929C-45D5C9F11BDE}"
EndProject
Global
	GlobalSection(SolutionConfigurationPlatforms) = preSolution
		Debug|Any CPU = Debug|Any CPU
		Release|Any CPU = Release|Any CPU
	EndGlobalSection
	GlobalSection(ProjectConfigurationPlatforms) = postSolution
		{509D4CBC-CB9F-46C9-929C-45D5C9F11BDE}.Debug|Any CPU.ActiveCfg = Debug|Any CPU
		{509D4CBC-CB9F-46C9-929C-45D5C9F11BDE}.Debug|Any CPU.Build.0 = Debug|Any CPU
		{509D4CBC-CB9F-46C9-929C-45D5C9F11BDE}.Release|Any CPU.ActiveCfg = Release|Any CPU
		{509D4CBC-CB9F-46C9-929C-45D5C9F11BDE}.Release|Any CPU.Build.0 = Release|Any CPU
	EndGlobalSection
	GlobalSection(SolutionProperties) = preSolution
		HideSolutionNode = FALSE
	EndGlobalSection
	GlobalSection(ExtensibilityGlobals) = postSolution
		SolutionGuid = {385EB381-4E06-489F-B07C-6EB156FB7F25}
	EndGlobalSection
EndGlobal
